// !$*UTF8*$!
{
	archiveVersion = 1;
	classes = {
	};
	objectVersion = 46;
	objects = {

/* Begin PBXBuildFile section */
		0F7779181D5C83B8009A8F8A /* AppDelegate.swift in Sources */ = {isa = PBXBuildFile; fileRef = 0F7779171D5C83B8009A8F8A /* AppDelegate.swift */; };
		0F77791A1D5C83B8009A8F8A /* ViewController.swift in Sources */ = {isa = PBXBuildFile; fileRef = 0F7779191D5C83B8009A8F8A /* ViewController.swift */; };
		0F77791D1D5C83B9009A8F8A /* Main.storyboard in Resources */ = {isa = PBXBuildFile; fileRef = 0F77791B1D5C83B9009A8F8A /* Main.storyboard */; };
		0F77791F1D5C83B9009A8F8A /* Assets.xcassets in Resources */ = {isa = PBXBuildFile; fileRef = 0F77791E1D5C83B9009A8F8A /* Assets.xcassets */; };
		0F7779221D5C83B9009A8F8A /* LaunchScreen.storyboard in Resources */ = {isa = PBXBuildFile; fileRef = 0F7779201D5C83B9009A8F8A /* LaunchScreen.storyboard */; };
		0F77794C1D5ECD83009A8F8A /* btn.wav in Resources */ = {isa = PBXBuildFile; fileRef = 0F77794B1D5ECD83009A8F8A /* btn.wav */; };
		0FF4EBF31D5F09D200052737 /* Minecraft.ttf in Resources */ = {isa = PBXBuildFile; fileRef = 0FF4EBF21D5F09D200052737 /* Minecraft.ttf */; };
/* End PBXBuildFile section */

/* Begin PBXFileReference section */
		0F7779141D5C83B8009A8F8A /* 6.Caculator.app */ = {isa = PBXFileReference; explicitFileType = wrapper.application; includeInIndex = 0; path = 6.Caculator.app; sourceTree = BUILT_PRODUCTS_DIR; };
		0F7779171D5C83B8009A8F8A /* AppDelegate.swift */ = {isa = PBXFileReference; lastKnownFileType = sourcecode.swift; path = AppDelegate.swift; sourceTree = "<group>"; };
		0F7779191D5C83B8009A8F8A /* ViewController.swift */ = {isa = PBXFileReference; lastKnownFileType = sourcecode.swift; path = ViewController.swift; sourceTree = "<group>"; };
		0F77791C1D5C83B9009A8F8A /* Base */ = {isa = PBXFileReference; lastKnownFileType = file.storyboard; name = Base; path = Base.lproj/Main.storyboard; sourceTree = "<group>"; };
		0F77791E1D5C83B9009A8F8A /* Assets.xcassets */ = {isa = PBXFileReference; lastKnownFileType = folder.assetcatalog; path = Assets.xcassets; sourceTree = "<group>"; };
		0F7779211D5C83B9009A8F8A /* Base */ = {isa = PBXFileReference; lastKnownFileType = file.storyboard; name = Base; path = Base.lproj/LaunchScreen.storyboard; sourceTree = "<group>"; };
		0F7779231D5C83B9009A8F8A /* Info.plist */ = {isa = PBXFileReference; lastKnownFileType = text.plist.xml; path = Info.plist; sourceTree = "<group>"; };
		0F77794B1D5ECD83009A8F8A /* btn.wav */ = {isa = PBXFileReference; lastKnownFileType = audio.wav; path = btn.wav; sourceTree = "<group>"; };
		0FF4EBF21D5F09D200052737 /* Minecraft.ttf */ = {isa = PBXFileReference; lastKnownFileType = file; path = Minecraft.ttf; sourceTree = "<group>"; };
/* End PBXFileReference section */

/* Begin PBXFrameworksBuildPhase section */
		0F7779111D5C83B8009A8F8A /* Frameworks */ = {
			isa = PBXFrameworksBuildPhase;
			buildActionMask = 2147483647;
			files = (
			);
			runOnlyForDeploymentPostprocessing = 0;
		};
/* End PBXFrameworksBuildPhase section */

/* Begin PBXGroup section */
		0F77790B1D5C83B8009A8F8A = {
			isa = PBXGroup;
			children = (
				0F7779161D5C83B8009A8F8A /* 6.Caculator */,
				0F7779151D5C83B8009A8F8A /* Products */,
			);
			sourceTree = "<group>";
		};
		0F7779151D5C83B8009A8F8A /* Products */ = {
			isa = PBXGroup;
			children = (
				0F7779141D5C83B8009A8F8A /* 6.Caculator.app */,
			);
			name = Products;
			sourceTree = "<group>";
		};
		0F7779161D5C83B8009A8F8A /* 6.Caculator */ = {
			isa = PBXGroup;
			children = (
				0FF4EBF21D5F09D200052737 /* Minecraft.ttf */,
				0F77794B1D5ECD83009A8F8A /* btn.wav */,
				0F7779171D5C83B8009A8F8A /* AppDelegate.swift */,
				0F7779191D5C83B8009A8F8A /* ViewController.swift */,
				0F77791B1D5C83B9009A8F8A /* Main.storyboard */,
				0F77791E1D5C83B9009A8F8A /* Assets.xcassets */,
				0F7779201D5C83B9009A8F8A /* LaunchScreen.storyboard */,
				0F7779231D5C83B9009A8F8A /* Info.plist */,
			);
			path = 6.Caculator;
			sourceTree = "<group>";
		};
/* End PBXGroup section */

/* Begin PBXNativeTarget section */
		0F7779131D5C83B8009A8F8A /* 6.Caculator */ = {
			isa = PBXNativeTarget;
			buildConfigurationList = 0F7779261D5C83B9009A8F8A /* Build configuration list for PBXNativeTarget "6.Caculator" */;
			buildPhases = (
				0F7779101D5C83B8009A8F8A /* Sources */,
				0F7779111D5C83B8009A8F8A /* Frameworks */,
				0F7779121D5C83B8009A8F8A /* Resources */,
			);
			buildRules = (
			);
			dependencies = (
			);
			name = 6.Caculator;
			productName = 6.Caculator;
			productReference = 0F7779141D5C83B8009A8F8A /* 6.Caculator.app */;
			productType = "com.apple.product-type.application";
		};
/* End PBXNativeTarget section */

/* Begin PBXProject section */
		0F77790C1D5C83B8009A8F8A /* Project object */ = {
			isa = PBXProject;
			attributes = {
				LastSwiftUpdateCheck = 0730;
				LastUpgradeCheck = 0730;
				ORGANIZATIONNAME = ViNZ;
				TargetAttributes = {
					0F7779131D5C83B8009A8F8A = {
						CreatedOnToolsVersion = 7.3.1;
					};
				};
			};
			buildConfigurationList = 0F77790F1D5C83B8009A8F8A /* Build configuration list for PBXProject "6.Caculator" */;
			compatibilityVersion = "Xcode 3.2";
			developmentRegion = English;
			hasScannedForEncodings = 0;
			knownRegions = (
				en,
				Base,
			);
			mainGroup = 0F77790B1D5C83B8009A8F8A;
			productRefGroup = 0F7779151D5C83B8009A8F8A /* Products */;
			projectDirPath = "";
			projectRoot = "";
			targets = (
				0F7779131D5C83B8009A8F8A /* 6.Caculator */,
			);
		};
/* End PBXProject section */

/* Begin PBXResourcesBuildPhase section */
		0F7779121D5C83B8009A8F8A /* Resources */ = {
			isa = PBXResourcesBuildPhase;
			buildActionMask = 2147483647;
			files = (
				0F7779221D5C83B9009A8F8A /* LaunchScreen.storyboard in Resources */,
				0F77791F1D5C83B9009A8F8A /* Assets.xcassets in Resources */,
				0FF4EBF31D5F09D200052737 /* Minecraft.ttf in Resources */,
				0F77791D1D5C83B9009A8F8A /* Main.storyboard in Resources */,
				0F77794C1D5ECD83009A8F8A /* btn.wav in Resources */,
			);
			runOnlyForDeploymentPostprocessing = 0;
		};
/* End PBXResourcesBuildPhase section */

/* Begin PBXSourcesBuildPhase section */
		0F7779101D5C83B8009A8F8A /* Sources */ = {
			isa = PBXSourcesBuildPhase;
			buildActionMask = 2147483647;
			files = (
				0F77791A1D5C83B8009A8F8A /* ViewController.swift in Sources */,
				0F7779181D5C83B8009A8F8A /* AppDelegate.swift in Sources */,
			);
			runOnlyForDeploymentPostprocessing = 0;
		};
/* End PBXSourcesBuildPhase section */

/* Begin PBXVariantGroup section */
		0F77791B1D5C83B9009A8F8A /* Main.storyboard */ = {
			isa = PBXVariantGroup;
			children = (
				0F77791C1D5C83B9009A8F8A /* Base */,
			);
			name = Main.storyboard;
			sourceTree = "<group>";
		};
		0F7779201D5C83B9009A8F8A /* LaunchScreen.storyboard */ = {
			isa = PBXVariantGroup;
			children = (
				0F7779211D5C83B9009A8F8A /* Base */,
			);
			name = LaunchScreen.storyboard;
			sourceTree = "<group>";
		};
/* End PBXVariantGroup section */

/* Begin XCBuildConfiguration section */
		0F7779241D5C83B9009A8F8A /* Debug */ = {
			isa = XCBuildConfiguration;
			buildSettings = {
				ALWAYS_SEARCH_USER_PATHS = NO;
				CLANG_ANALYZER_NONNULL = YES;
				CLANG_CXX_LANGUAGE_STANDARD = "gnu++0x";
				CLANG_CXX_LIBRARY = "libc++";
				CLANG_ENABLE_MODULES = YES;
				CLANG_ENABLE_OBJC_ARC = YES;
				CLANG_WARN_BOOL_CONVERSION = YES;
				CLANG_WARN_CONSTANT_CONVERSION = YES;
				CLANG_WARN_DIRECT_OBJC_ISA_USAGE = YES_ERROR;
				CLANG_WARN_EMPTY_BODY = YES;
				CLANG_WARN_ENUM_CONVERSION = YES;
				CLANG_WARN_INT_CONVERSION = YES;
				CLANG_WARN_OBJC_ROOT_CLASS = YES_ERROR;
				CLANG_WARN_UNREACHABLE_CODE = YES;
				CLANG_WARN__DUPLICATE_METHOD_MATCH = YES;
				"CODE_SIGN_IDENTITY[sdk=iphoneos*]" = "iPhone Developer";
				COPY_PHASE_STRIP = NO;
				DEBUG_INFORMATION_FORMAT = dwarf;
				ENABLE_STRICT_OBJC_MSGSEND = YES;
				ENABLE_TESTABILITY = YES;
				GCC_C_LANGUAGE_STANDARD = gnu99;
				GCC_DYNAMIC_NO_PIC = NO;
				GCC_NO_COMMON_BLOCKS = YES;
				GCC_OPTIMIZATION_LEVEL = 0;
				GCC_PREPROCESSOR_DEFINITIONS = (
					"DEBUG=1",
					"$(inherited)",
				);
				GCC_WARN_64_TO_32_BIT_CONVERSION = YES;
				GCC_WARN_ABOUT_RETURN_TYPE = YES_ERROR;
				GCC_WARN_UNDECLARED_SELECTOR = YES;
				GCC_WARN_UNINITIALIZED_AUTOS = YES_AGGRESSIVE;
				GCC_WARN_UNUSED_FUNCTION = YES;
				GCC_WARN_UNUSED_VARIABLE = YES;
				IPHONEOS_DEPLOYMENT_TARGET = 9.3;
				MTL_ENABLE_DEBUG_INFO = YES;
				ONLY_ACTIVE_ARCH = YES;
				SDKROOT = iphoneos;
				SWIFT_OPTIMIZATION_LEVEL = "-Onone";
				TARGETED_DEVICE_FAMILY = "1,2";
			};
			name = Debug;
		};
		0F7779251D5C83B9009A8F8A /* Release */ = {
			isa = XCBuildConfiguration;
			buildSettings = {
				ALWAYS_SEARCH_USER_PATHS = NO;
				CLANG_ANALYZER_NONNULL = YES;
				CLANG_CXX_LANGUAGE_STANDARD = "gnu++0x";
				CLANG_CXX_LIBRARY = "libc++";
				CLANG_ENABLE_MODULES = YES;
				CLANG_ENABLE_OBJC_ARC = YES;
				CLANG_WARN_BOOL_CONVERSION = YES;
				CLANG_WARN_CONSTANT_CONVERSION = YES;
				CLANG_WARN_DIRECT_OBJC_ISA_USAGE = YES_ERROR;
				CLANG_WARN_EMPTY_BODY = YES;
				CLANG_WARN_ENUM_CONVERSION = YES;
				CLANG_WARN_INT_CONVERSION = YES;
				CLANG_WARN_OBJC_ROOT_CLASS = YES_ERROR;
				CLANG_WARN_UNREACHABLE_CODE = YES;
				CLANG_WARN__DUPLICATE_METHOD_MATCH = YES;
				"CODE_SIGN_IDENTITY[sdk=iphoneos*]" = "iPhone Developer";
				COPY_PHASE_STRIP = NO;
				DEBUG_INFORMATION_FORMAT = "dwarf-with-dsym";
				ENABLE_NS_ASSERTIONS = NO;
				ENABLE_STRICT_OBJC_MSGSEND = YES;
				GCC_C_LANGUAGE_STANDARD = gnu99;
				GCC_NO_COMMON_BLOCKS = YES;
				GCC_WARN_64_TO_32_BIT_CONVERSION = YES;
				GCC_WARN_ABOUT_RETURN_TYPE = YES_ERROR;
				GCC_WARN_UNDECLARED_SELECTOR = YES;
				GCC_WARN_UNINITIALIZED_AUTOS = YES_AGGRESSIVE;
				GCC_WARN_UNUSED_FUNCTION = YES;
				GCC_WARN_UNUSED_VARIABLE = YES;
				IPHONEOS_DEPLOYMENT_TARGET = 9.3;
				MTL_ENABLE_DEBUG_INFO = NO;
				SDKROOT = iphoneos;
				TARGETED_DEVICE_FAMILY = "1,2";
				VALIDATE_PRODUCT = YES;
			};
			name = Release;
		};
		0F7779271D5C83B9009A8F8A /* Debug */ = {
			isa = XCBuildConfiguration;
			buildSettings = {
				ASSETCATALOG_COMPILER_APPICON_NAME = AppIcon;
				INFOPLIST_FILE = 6.Caculator/Info.plist;
				LD_RUNPATH_SEARCH_PATHS = "$(inherited) @executable_path/Frameworks";
				PRODUCT_BUNDLE_IDENTIFIER = "turbomap.--Caculator";
				PRODUCT_NAME = "$(TARGET_NAME)";
			};
			name = Debug;
		};
		0F7779281D5C83B9009A8F8A /* Release */ = {
			isa = XCBuildConfiguration;
			buildSettings = {
				ASSETCATALOG_COMPILER_APPICON_NAME = AppIcon;
				INFOPLIST_FILE = 6.Caculator/Info.plist;
				LD_RUNPATH_SEARCH_PATHS = "$(inherited) @executable_path/Frameworks";
				PRODUCT_BUNDLE_IDENTIFIER = "turbomap.--Caculator";
				PRODUCT_NAME = "$(TARGET_NAME)";
			};
			name = Release;
		};
/* End XCBuildConfiguration section */

/* Begin XCConfigurationList section */
		0F77790F1D5C83B8009A8F8A /* Build configuration list for PBXProject "6.Caculator" */ = {
			isa = XCConfigurationList;
			buildConfigurations = (
				0F7779241D5C83B9009A8F8A /* Debug */,
				0F7779251D5C83B9009A8F8A /* Release */,
			);
			defaultConfigurationIsVisible = 0;
			defaultConfigurationName = Release;
		};
		0F7779261D5C83B9009A8F8A /* Build configuration list for PBXNativeTarget "6.Caculator" */ = {
			isa = XCConfigurationList;
			buildConfigurations = (
				0F7779271D5C83B9009A8F8A /* Debug */,
				0F7779281D5C83B9009A8F8A /* Release */,
			);
			defaultConfigurationIsVisible = 0;
			defaultConfigurationName = Release;
		};
/* End XCConfigurationList section */
	};
	rootObject = 0F77790C1D5C83B8009A8F8A /* Project object */;
}
